
Microsoft Visual Studio Solution File, Format Version 11.00
# Visual C# Express 2010
Project("{FAE04EC0-301F-11D3-BF4B-00C04F79EFBC}") = "Übung06_PasswortEingabe", "Übung06_PasswortEingabe\Übung06_PasswortEingabe.csproj", "{6383AD7D-9DB2-452A-9754-8C3FDA2D931C}"
EndProject
Global
	GlobalSection(SolutionConfigurationPlatforms) = preSolution
		Debug|Any CPU = Debug|Any CPU
		Release|Any CPU = Release|Any CPU
	EndGlobalSection
	GlobalSection(ProjectConfigurationPlatforms) = postSolution
		{6383AD7D-9DB2-452A-9754-8C3FDA2D931C}.Debug|Any CPU.ActiveCfg = Debug|Any CPU
		{6383AD7D-9DB2-452A-9754-8C3FDA2D931C}.Debug|Any CPU.Build.0 = Debug|Any CPU
		{6383AD7D-9DB2-452A-9754-8C3FDA2D931C}.Release|Any CPU.ActiveCfg = Release|Any CPU
		{6383AD7D-9DB2-452A-9754-8C3FDA2D931C}.Release|Any CPU.Build.0 = Release|Any CPU
	EndGlobalSection
	GlobalSection(SolutionProperties) = preSolution
		HideSolutionNode = FALSE
	EndGlobalSection
EndGlobal
